// !$*UTF8*$!
{
	archiveVersion = 1;
	classes = {
	};
	objectVersion = 46;
	objects = {

/* Begin PBXBuildFile section */
		64894EA31ADBC4950019390C /* AVFoundation.framework in Frameworks */ = {isa = PBXBuildFile; fileRef = 64894EA21ADBC4950019390C /* AVFoundation.framework */; };
		64B962C71AD809A10068F9D1 /* AppDelegate.swift in Sources */ = {isa = PBXBuildFile; fileRef = 64B962C61AD809A10068F9D1 /* AppDelegate.swift */; };
		64B962CC1AD809A10068F9D1 /* Main.storyboard in Resources */ = {isa = PBXBuildFile; fileRef = 64B962CA1AD809A10068F9D1 /* Main.storyboard */; };
		64B962CE1AD809A10068F9D1 /* Images.xcassets in Resources */ = {isa = PBXBuildFile; fileRef = 64B962CD1AD809A10068F9D1 /* Images.xcassets */; };
		64B962D11AD809A10068F9D1 /* LaunchScreen.xib in Resources */ = {isa = PBXBuildFile; fileRef = 64B962CF1AD809A10068F9D1 /* LaunchScreen.xib */; };
		64B962DD1AD809A10068F9D1 /* MiniProject_1Tests.swift in Sources */ = {isa = PBXBuildFile; fileRef = 64B962DC1AD809A10068F9D1 /* MiniProject_1Tests.swift */; };
		64B962E71AD809F90068F9D1 /* .gitignore in Resources */ = {isa = PBXBuildFile; fileRef = 64B962E61AD809F90068F9D1 /* .gitignore */; };
		64B962E91AD80AB70068F9D1 /* VideoViewController.swift in Sources */ = {isa = PBXBuildFile; fileRef = 64B962E81AD80AB70068F9D1 /* VideoViewController.swift */; };
/* End PBXBuildFile section */

/* Begin PBXContainerItemProxy section */
		64B962D71AD809A10068F9D1 /* PBXContainerItemProxy */ = {
			isa = PBXContainerItemProxy;
			containerPortal = 64B962B91AD809A10068F9D1 /* Project object */;
			proxyType = 1;
			remoteGlobalIDString = 64B962C01AD809A10068F9D1;
			remoteInfo = "MiniProject 1";
		};
/* End PBXContainerItemProxy section */

/* Begin PBXFileReference section */
		64894EA21ADBC4950019390C /* AVFoundation.framework */ = {isa = PBXFileReference; lastKnownFileType = wrapper.framework; name = AVFoundation.framework; path = System/Library/Frameworks/AVFoundation.framework; sourceTree = SDKROOT; };
		64B962C11AD809A10068F9D1 /* MiniProject 1.app */ = {isa = PBXFileReference; explicitFileType = wrapper.application; includeInIndex = 0; path = "MiniProject 1.app"; sourceTree = BUILT_PRODUCTS_DIR; };
		64B962C51AD809A10068F9D1 /* Info.plist */ = {isa = PBXFileReference; lastKnownFileType = text.plist.xml; path = Info.plist; sourceTree = "<group>"; };
		64B962C61AD809A10068F9D1 /* AppDelegate.swift */ = {isa = PBXFileReference; lastKnownFileType = sourcecode.swift; path = AppDelegate.swift; sourceTree = "<group>"; };
		64B962CB1AD809A10068F9D1 /* Base */ = {isa = PBXFileReference; lastKnownFileType = file.storyboard; name = Base; path = Base.lproj/Main.storyboard; sourceTree = "<group>"; };
		64B962CD1AD809A10068F9D1 /* Images.xcassets */ = {isa = PBXFileReference; lastKnownFileType = folder.assetcatalog; path = Images.xcassets; sourceTree = "<group>"; };
		64B962D01AD809A10068F9D1 /* Base */ = {isa = PBXFileReference; lastKnownFileType = file.xib; name = Base; path = Base.lproj/LaunchScreen.xib; sourceTree = "<group>"; };
		64B962D61AD809A10068F9D1 /* MiniProject 1Tests.xctest */ = {isa = PBXFileReference; explicitFileType = wrapper.cfbundle; includeInIndex = 0; path = "MiniProject 1Tests.xctest"; sourceTree = BUILT_PRODUCTS_DIR; };
		64B962DB1AD809A10068F9D1 /* Info.plist */ = {isa = PBXFileReference; lastKnownFileType = text.plist.xml; path = Info.plist; sourceTree = "<group>"; };
		64B962DC1AD809A10068F9D1 /* MiniProject_1Tests.swift */ = {isa = PBXFileReference; lastKnownFileType = sourcecode.swift; path = MiniProject_1Tests.swift; sourceTree = "<group>"; };
		64B962E61AD809F90068F9D1 /* .gitignore */ = {isa = PBXFileReference; fileEncoding = 4; lastKnownFileType = text; path = .gitignore; sourceTree = "<group>"; };
		64B962E81AD80AB70068F9D1 /* VideoViewController.swift */ = {isa = PBXFileReference; fileEncoding = 4; lastKnownFileType = sourcecode.swift; path = VideoViewController.swift; sourceTree = "<group>"; };
/* End PBXFileReference section */

/* Begin PBXFrameworksBuildPhase section */
		64B962BE1AD809A10068F9D1 /* Frameworks */ = {
			isa = PBXFrameworksBuildPhase;
			buildActionMask = 2147483647;
			files = (
				64894EA31ADBC4950019390C /* AVFoundation.framework in Frameworks */,
			);
			runOnlyForDeploymentPostprocessing = 0;
		};
		64B962D31AD809A10068F9D1 /* Frameworks */ = {
			isa = PBXFrameworksBuildPhase;
			buildActionMask = 2147483647;
			files = (
			);
			runOnlyForDeploymentPostprocessing = 0;
		};
/* End PBXFrameworksBuildPhase section */

/* Begin PBXGroup section */
		64B962B81AD809A10068F9D1 = {
			isa = PBXGroup;
			children = (
				64894EA21ADBC4950019390C /* AVFoundation.framework */,
				64B962E61AD809F90068F9D1 /* .gitignore */,
				64B962C31AD809A10068F9D1 /* MiniProject 1 */,
				64B962D91AD809A10068F9D1 /* MiniProject 1Tests */,
				64B962C21AD809A10068F9D1 /* Products */,
			);
			sourceTree = "<group>";
		};
		64B962C21AD809A10068F9D1 /* Products */ = {
			isa = PBXGroup;
			children = (
				64B962C11AD809A10068F9D1 /* MiniProject 1.app */,
				64B962D61AD809A10068F9D1 /* MiniProject 1Tests.xctest */,
			);
			name = Products;
			sourceTree = "<group>";
		};
		64B962C31AD809A10068F9D1 /* MiniProject 1 */ = {
			isa = PBXGroup;
			children = (
				64B962CA1AD809A10068F9D1 /* Main.storyboard */,
				64B962E81AD80AB70068F9D1 /* VideoViewController.swift */,
				64B962C41AD809A10068F9D1 /* Supporting Files */,
			);
			path = "MiniProject 1";
			sourceTree = "<group>";
		};
		64B962C41AD809A10068F9D1 /* Supporting Files */ = {
			isa = PBXGroup;
			children = (
				64B962C61AD809A10068F9D1 /* AppDelegate.swift */,
				64B962CF1AD809A10068F9D1 /* LaunchScreen.xib */,
				64B962CD1AD809A10068F9D1 /* Images.xcassets */,
				64B962C51AD809A10068F9D1 /* Info.plist */,
			);
			name = "Supporting Files";
			sourceTree = "<group>";
		};
		64B962D91AD809A10068F9D1 /* MiniProject 1Tests */ = {
			isa = PBXGroup;
			children = (
				64B962DC1AD809A10068F9D1 /* MiniProject_1Tests.swift */,
				64B962DA1AD809A10068F9D1 /* Supporting Files */,
			);
			path = "MiniProject 1Tests";
			sourceTree = "<group>";
		};
		64B962DA1AD809A10068F9D1 /* Supporting Files */ = {
			isa = PBXGroup;
			children = (
				64B962DB1AD809A10068F9D1 /* Info.plist */,
			);
			name = "Supporting Files";
			sourceTree = "<group>";
		};
/* End PBXGroup section */

/* Begin PBXNativeTarget section */
		64B962C01AD809A10068F9D1 /* MiniProject 1 */ = {
			isa = PBXNativeTarget;
			buildConfigurationList = 64B962E01AD809A10068F9D1 /* Build configuration list for PBXNativeTarget "MiniProject 1" */;
			buildPhases = (
				64B962BD1AD809A10068F9D1 /* Sources */,
				64B962BE1AD809A10068F9D1 /* Frameworks */,
				64B962BF1AD809A10068F9D1 /* Resources */,
			);
			buildRules = (
			);
			dependencies = (
			);
			name = "MiniProject 1";
			productName = "MiniProject 1";
			productReference = 64B962C11AD809A10068F9D1 /* MiniProject 1.app */;
			productType = "com.apple.product-type.application";
		};
		64B962D51AD809A10068F9D1 /* MiniProject 1Tests */ = {
			isa = PBXNativeTarget;
			buildConfigurationList = 64B962E31AD809A10068F9D1 /* Build configuration list for PBXNativeTarget "MiniProject 1Tests" */;
			buildPhases = (
				64B962D21AD809A10068F9D1 /* Sources */,
				64B962D31AD809A10068F9D1 /* Frameworks */,
				64B962D41AD809A10068F9D1 /* Resources */,
			);
			buildRules = (
			);
			dependencies = (
				64B962D81AD809A10068F9D1 /* PBXTargetDependency */,
			);
			name = "MiniProject 1Tests";
			productName = "MiniProject 1Tests";
			productReference = 64B962D61AD809A10068F9D1 /* MiniProject 1Tests.xctest */;
			productType = "com.apple.product-type.bundle.unit-test";
		};
/* End PBXNativeTarget section */

/* Begin PBXProject section */
		64B962B91AD809A10068F9D1 /* Project object */ = {
			isa = PBXProject;
			attributes = {
				LastUpgradeCheck = 0630;
				ORGANIZATIONNAME = HaiNguyen;
				TargetAttributes = {
					64B962C01AD809A10068F9D1 = {
						CreatedOnToolsVersion = 6.3;
						DevelopmentTeam = 7D5G4U829D;
					};
					64B962D51AD809A10068F9D1 = {
						CreatedOnToolsVersion = 6.3;
						TestTargetID = 64B962C01AD809A10068F9D1;
					};
				};
			};
			buildConfigurationList = 64B962BC1AD809A10068F9D1 /* Build configuration list for PBXProject "MiniProject 1" */;
			compatibilityVersion = "Xcode 3.2";
			developmentRegion = English;
			hasScannedForEncodings = 0;
			knownRegions = (
				en,
				Base,
			);
			mainGroup = 64B962B81AD809A10068F9D1;
			productRefGroup = 64B962C21AD809A10068F9D1 /* Products */;
			projectDirPath = "";
			projectRoot = "";
			targets = (
				64B962C01AD809A10068F9D1 /* MiniProject 1 */,
				64B962D51AD809A10068F9D1 /* MiniProject 1Tests */,
			);
		};
/* End PBXProject section */

/* Begin PBXResourcesBuildPhase section */
		64B962BF1AD809A10068F9D1 /* Resources */ = {
			isa = PBXResourcesBuildPhase;
			buildActionMask = 2147483647;
			files = (
				64B962E71AD809F90068F9D1 /* .gitignore in Resources */,
				64B962CC1AD809A10068F9D1 /* Main.storyboard in Resources */,
				64B962D11AD809A10068F9D1 /* LaunchScreen.xib in Resources */,
				64B962CE1AD809A10068F9D1 /* Images.xcassets in Resources */,
			);
			runOnlyForDeploymentPostprocessing = 0;
		};
		64B962D41AD809A10068F9D1 /* Resources */ = {
			isa = PBXResourcesBuildPhase;
			buildActionMask = 2147483647;
			files = (
			);
			runOnlyForDeploymentPostprocessing = 0;
		};
/* End PBXResourcesBuildPhase section */

/* Begin PBXSourcesBuildPhase section */
		64B962BD1AD809A10068F9D1 /* Sources */ = {
			isa = PBXSourcesBuildPhase;
			buildActionMask = 2147483647;
			files = (
				64B962E91AD80AB70068F9D1 /* VideoViewController.swift in Sources */,
				64B962C71AD809A10068F9D1 /* AppDelegate.swift in Sources */,
			);
			runOnlyForDeploymentPostprocessing = 0;
		};
		64B962D21AD809A10068F9D1 /* Sources */ = {
			isa = PBXSourcesBuildPhase;
			buildActionMask = 2147483647;
			files = (
				64B962DD1AD809A10068F9D1 /* MiniProject_1Tests.swift in Sources */,
			);
			runOnlyForDeploymentPostprocessing = 0;
		};
/* End PBXSourcesBuildPhase section */

/* Begin PBXTargetDependency section */
		64B962D81AD809A10068F9D1 /* PBXTargetDependency */ = {
			isa = PBXTargetDependency;
			target = 64B962C01AD809A10068F9D1 /* MiniProject 1 */;
			targetProxy = 64B962D71AD809A10068F9D1 /* PBXContainerItemProxy */;
		};
/* End PBXTargetDependency section */

/* Begin PBXVariantGroup section */
		64B962CA1AD809A10068F9D1 /* Main.storyboard */ = {
			isa = PBXVariantGroup;
			children = (
				64B962CB1AD809A10068F9D1 /* Base */,
			);
			name = Main.storyboard;
			sourceTree = "<group>";
		};
		64B962CF1AD809A10068F9D1 /* LaunchScreen.xib */ = {
			isa = PBXVariantGroup;
			children = (
				64B962D01AD809A10068F9D1 /* Base */,
			);
			name = LaunchScreen.xib;
			sourceTree = "<group>";
		};
/* End PBXVariantGroup section */

/* Begin XCBuildConfiguration section */
		64B962DE1AD809A10068F9D1 /* Debug */ = {
			isa = XCBuildConfiguration;
			buildSettings = {
				ALWAYS_SEARCH_USER_PATHS = NO;
				CLANG_CXX_LANGUAGE_STANDARD = "gnu++0x";
				CLANG_CXX_LIBRARY = "libc++";
				CLANG_ENABLE_MODULES = YES;
				CLANG_ENABLE_OBJC_ARC = YES;
				CLANG_WARN_BOOL_CONVERSION = YES;
				CLANG_WARN_CONSTANT_CONVERSION = YES;
				CLANG_WARN_DIRECT_OBJC_ISA_USAGE = YES_ERROR;
				CLANG_WARN_EMPTY_BODY = YES;
				CLANG_WARN_ENUM_CONVERSION = YES;
				CLANG_WARN_INT_CONVERSION = YES;
				CLANG_WARN_OBJC_ROOT_CLASS = YES_ERROR;
				CLANG_WARN_UNREACHABLE_CODE = YES;
				CLANG_WARN__DUPLICATE_METHOD_MATCH = YES;
				"CODE_SIGN_IDENTITY[sdk=iphoneos*]" = "iPhone Developer";
				COPY_PHASE_STRIP = NO;
				DEBUG_INFORMATION_FORMAT = "dwarf-with-dsym";
				ENABLE_STRICT_OBJC_MSGSEND = YES;
				GCC_C_LANGUAGE_STANDARD = gnu99;
				GCC_DYNAMIC_NO_PIC = NO;
				GCC_NO_COMMON_BLOCKS = YES;
				GCC_OPTIMIZATION_LEVEL = 0;
				GCC_PREPROCESSOR_DEFINITIONS = (
					"DEBUG=1",
					"$(inherited)",
				);
				GCC_SYMBOLS_PRIVATE_EXTERN = NO;
				GCC_WARN_64_TO_32_BIT_CONVERSION = YES;
				GCC_WARN_ABOUT_RETURN_TYPE = YES_ERROR;
				GCC_WARN_UNDECLARED_SELECTOR = YES;
				GCC_WARN_UNINITIALIZED_AUTOS = YES_AGGRESSIVE;
				GCC_WARN_UNUSED_FUNCTION = YES;
				GCC_WARN_UNUSED_VARIABLE = YES;
				IPHONEOS_DEPLOYMENT_TARGET = 7.1;
				MTL_ENABLE_DEBUG_INFO = YES;
				ONLY_ACTIVE_ARCH = YES;
				SDKROOT = iphoneos;
				SWIFT_OPTIMIZATION_LEVEL = "-Onone";
				TARGETED_DEVICE_FAMILY = "1,2";
			};
			name = Debug;
		};
		64B962DF1AD809A10068F9D1 /* Release */ = {
			isa = XCBuildConfiguration;
			buildSettings = {
				ALWAYS_SEARCH_USER_PATHS = NO;
				CLANG_CXX_LANGUAGE_STANDARD = "gnu++0x";
				CLANG_CXX_LIBRARY = "libc++";
				CLANG_ENABLE_MODULES = YES;
				CLANG_ENABLE_OBJC_ARC = YES;
				CLANG_WARN_BOOL_CONVERSION = YES;
				CLANG_WARN_CONSTANT_CONVERSION = YES;
				CLANG_WARN_DIRECT_OBJC_ISA_USAGE = YES_ERROR;
				CLANG_WARN_EMPTY_BODY = YES;
				CLANG_WARN_ENUM_CONVERSION = YES;
				CLANG_WARN_INT_CONVERSION = YES;
				CLANG_WARN_OBJC_ROOT_CLASS = YES_ERROR;
				CLANG_WARN_UNREACHABLE_CODE = YES;
				CLANG_WARN__DUPLICATE_METHOD_MATCH = YES;
				"CODE_SIGN_IDENTITY[sdk=iphoneos*]" = "iPhone Developer";
				COPY_PHASE_STRIP = NO;
				DEBUG_INFORMATION_FORMAT = "dwarf-with-dsym";
				ENABLE_NS_ASSERTIONS = NO;
				ENABLE_STRICT_OBJC_MSGSEND = YES;
				GCC_C_LANGUAGE_STANDARD = gnu99;
				GCC_NO_COMMON_BLOCKS = YES;
				GCC_WARN_64_TO_32_BIT_CONVERSION = YES;
				GCC_WARN_ABOUT_RETURN_TYPE = YES_ERROR;
				GCC_WARN_UNDECLARED_SELECTOR = YES;
				GCC_WARN_UNINITIALIZED_AUTOS = YES_AGGRESSIVE;
				GCC_WARN_UNUSED_FUNCTION = YES;
				GCC_WARN_UNUSED_VARIABLE = YES;
				IPHONEOS_DEPLOYMENT_TARGET = 7.1;
				MTL_ENABLE_DEBUG_INFO = NO;
				SDKROOT = iphoneos;
				TARGETED_DEVICE_FAMILY = "1,2";
				VALIDATE_PRODUCT = YES;
			};
			name = Release;
		};
		64B962E11AD809A10068F9D1 /* Debug */ = {
			isa = XCBuildConfiguration;
			buildSettings = {
				ASSETCATALOG_COMPILER_APPICON_NAME = AppIcon;
				ASSETCATALOG_COMPILER_LAUNCHIMAGE_NAME = LaunchImage;
				CODE_SIGN_IDENTITY = "iPhone Developer";
				INFOPLIST_FILE = "MiniProject 1/Info.plist";
				IPHONEOS_DEPLOYMENT_TARGET = 7.1;
				LD_RUNPATH_SEARCH_PATHS = "$(inherited) @executable_path/Frameworks";
				PRODUCT_NAME = "$(TARGET_NAME)";
				TARGETED_DEVICE_FAMILY = "1,2";
			};
			name = Debug;
		};
		64B962E21AD809A10068F9D1 /* Release */ = {
			isa = XCBuildConfiguration;
			buildSettings = {
				ASSETCATALOG_COMPILER_APPICON_NAME = AppIcon;
				ASSETCATALOG_COMPILER_LAUNCHIMAGE_NAME = LaunchImage;
				CODE_SIGN_IDENTITY = "iPhone Developer";
				INFOPLIST_FILE = "MiniProject 1/Info.plist";
				IPHONEOS_DEPLOYMENT_TARGET = 7.1;
				LD_RUNPATH_SEARCH_PATHS = "$(inherited) @executable_path/Frameworks";
				PRODUCT_NAME = "$(TARGET_NAME)";
				TARGETED_DEVICE_FAMILY = "1,2";
			};
			name = Release;
		};
		64B962E41AD809A10068F9D1 /* Debug */ = {
			isa = XCBuildConfiguration;
			buildSettings = {
				BUNDLE_LOADER = "$(TEST_HOST)";
				FRAMEWORK_SEARCH_PATHS = (
					"$(SDKROOT)/Developer/Library/Frameworks",
					"$(inherited)",
				);
				GCC_PREPROCESSOR_DEFINITIONS = (
					"DEBUG=1",
					"$(inherited)",
				);
				INFOPLIST_FILE = "MiniProject 1Tests/Info.plist";
				LD_RUNPATH_SEARCH_PATHS = "$(inherited) @executable_path/Frameworks @loader_path/Frameworks";
				PRODUCT_NAME = "$(TARGET_NAME)";
				TEST_HOST = "$(BUILT_PRODUCTS_DIR)/MiniProject 1.app/MiniProject 1";
			};
			name = Debug;
		};
		64B962E51AD809A10068F9D1 /* Release */ = {
			isa = XCBuildConfiguration;
			buildSettings = {
				BUNDLE_LOADER = "$(TEST_HOST)";
				FRAMEWORK_SEARCH_PATHS = (
					"$(SDKROOT)/Developer/Library/Frameworks",
					"$(inherited)",
				);
				INFOPLIST_FILE = "MiniProject 1Tests/Info.plist";
				LD_RUNPATH_SEARCH_PATHS = "$(inherited) @executable_path/Frameworks @loader_path/Frameworks";
				PRODUCT_NAME = "$(TARGET_NAME)";
				TEST_HOST = "$(BUILT_PRODUCTS_DIR)/MiniProject 1.app/MiniProject 1";
			};
			name = Release;
		};
/* End XCBuildConfiguration section */

/* Begin XCConfigurationList section */
		64B962BC1AD809A10068F9D1 /* Build configuration list for PBXProject "MiniProject 1" */ = {
			isa = XCConfigurationList;
			buildConfigurations = (
				64B962DE1AD809A10068F9D1 /* Debug */,
				64B962DF1AD809A10068F9D1 /* Release */,
			);
			defaultConfigurationIsVisible = 0;
			defaultConfigurationName = Release;
		};
		64B962E01AD809A10068F9D1 /* Build configuration list for PBXNativeTarget "MiniProject 1" */ = {
			isa = XCConfigurationList;
			buildConfigurations = (
				64B962E11AD809A10068F9D1 /* Debug */,
				64B962E21AD809A10068F9D1 /* Release */,
			);
			defaultConfigurationIsVisible = 0;
			defaultConfigurationName = Release;
		};
		64B962E31AD809A10068F9D1 /* Build configuration list for PBXNativeTarget "MiniProject 1Tests" */ = {
			isa = XCConfigurationList;
			buildConfigurations = (
				64B962E41AD809A10068F9D1 /* Debug */,
				64B962E51AD809A10068F9D1 /* Release */,
			);
			defaultConfigurationIsVisible = 0;
			defaultConfigurationName = Release;
		};
/* End XCConfigurationList section */
	};
	rootObject = 64B962B91AD809A10068F9D1 /* Project object */;
}
